github.com/mattn/go-sqlite3 v2.0.3+incompatible h1:gXHsfypPkaMZrKbD5209QV9jbUTJKjyR5WD3HYQSd+U=
github.com/mattn/go-sqlite3 v2.0.3+incompatible/go.mod h1:FPy6KqzDD04eiIsT53CuJW3U88zkxoIYsOqkbpncsNc=
github.com/tohirov1994/database v0.0.0-20200212081400-b1c5e5f1f7fb h1:uJBxP3d6dMgWl4Iqeq2vOUP4ljvHWchy76AMYrNEVrg=
github.com/tohirov1994/database v0.0.0-20200212081400-b1c5e5f1f7fb/go.mod h1:So4MlVUdxeGj7efAT1Qc8gJjBEuNX285MWfQay4jYEM=
